
Microsoft Visual Studio Solution File, Format Version 12.00
# Visual Studio 15
VisualStudioVersion = 15.0.28010.2041
MinimumVisualStudioVersion = 10.0.40219.1
Project("{FAE04EC0-301F-11D3-BF4B-00C04F79EFBC}") = "Academico", "Academico\Academico.csproj", "{13690170-2B81-4C51-8842-E752D7EC38CF}"
EndProject
Project("{FAE04EC0-301F-11D3-BF4B-00C04F79EFBC}") = "AnalisisAcademico.Mail", "AnalisisAcademico.Mail\AnalisisAcademico.Mail.csproj", "{5B10B10F-6C42-491F-9ABD-7249B2F5F681}"
EndProject
Global
	GlobalSection(SolutionConfigurationPlatforms) = preSolution
		Debug|Any CPU = Debug|Any CPU
		Release|Any CPU = Release|Any CPU
	EndGlobalSection
	GlobalSection(ProjectConfigurationPlatforms) = postSolution
		{13690170-2B81-4C51-8842-E752D7EC38CF}.Debug|Any CPU.ActiveCfg = Debug|Any CPU
		{13690170-2B81-4C51-8842-E752D7EC38CF}.Debug|Any CPU.Build.0 = Debug|Any CPU
		{13690170-2B81-4C51-8842-E752D7EC38CF}.Release|Any CPU.ActiveCfg = Release|Any CPU
		{13690170-2B81-4C51-8842-E752D7EC38CF}.Release|Any CPU.Build.0 = Release|Any CPU
		{5B10B10F-6C42-491F-9ABD-7249B2F5F681}.Debug|Any CPU.ActiveCfg = Debug|Any CPU
		{5B10B10F-6C42-491F-9ABD-7249B2F5F681}.Debug|Any CPU.Build.0 = Debug|Any CPU
		{5B10B10F-6C42-491F-9ABD-7249B2F5F681}.Release|Any CPU.ActiveCfg = Release|Any CPU
		{5B10B10F-6C42-491F-9ABD-7249B2F5F681}.Release|Any CPU.Build.0 = Release|Any CPU
	EndGlobalSection
	GlobalSection(SolutionProperties) = preSolution
		HideSolutionNode = FALSE
	EndGlobalSection
	GlobalSection(ExtensibilityGlobals) = postSolution
		SolutionGuid = {886B04E4-CC4C-4042-85FC-BB740F506711}
	EndGlobalSection
EndGlobal
